
Microsoft Visual Studio Solution File, Format Version 12.00
# Visual Studio Version 16
VisualStudioVersion = 16.0.30225.117
MinimumVisualStudioVersion = 10.0.40219.1
Project("{FAE04EC0-301F-11D3-BF4B-00C04F79EFBC}") = "ex5", "ex5\ex5.csproj", "{EE44C83C-E42C-4D42-88B7-1ED4730B8E44}"
EndProject
Global
	GlobalSection(SolutionConfigurationPlatforms) = preSolution
		Debug|Any CPU = Debug|Any CPU
		Release|Any CPU = Release|Any CPU
	EndGlobalSection
	GlobalSection(ProjectConfigurationPlatforms) = postSolution
		{EE44C83C-E42C-4D42-88B7-1ED4730B8E44}.Debug|Any CPU.ActiveCfg = Debug|Any CPU
		{EE44C83C-E42C-4D42-88B7-1ED4730B8E44}.Debug|Any CPU.Build.0 = Debug|Any CPU
		{EE44C83C-E42C-4D42-88B7-1ED4730B8E44}.Release|Any CPU.ActiveCfg = Release|Any CPU
		{EE44C83C-E42C-4D42-88B7-1ED4730B8E44}.Release|Any CPU.Build.0 = Release|Any CPU
	EndGlobalSection
	GlobalSection(SolutionProperties) = preSolution
		HideSolutionNode = FALSE
	EndGlobalSection
	GlobalSection(ExtensibilityGlobals) = postSolution
		SolutionGuid = {6EFE06CB-9ED4-4242-A79B-A52834761A65}
	EndGlobalSection
EndGlobal
